
Microsoft Visual Studio Solution File, Format Version 12.00
# Visual Studio Version 16
VisualStudioVersion = 16.0.31005.135
MinimumVisualStudioVersion = 10.0.40219.1
Project("{FAE04EC0-301F-11D3-BF4B-00C04F79EFBC}") = "TresureHunt", "TresureHunt\TresureHunt.csproj", "{39FC4063-0DF7-4DD7-96E3-BBDA82A478F6}"
EndProject
Global
	GlobalSection(SolutionConfigurationPlatforms) = preSolution
		Debug|Any CPU = Debug|Any CPU
		Release|Any CPU = Release|Any CPU
	EndGlobalSection
	GlobalSection(ProjectConfigurationPlatforms) = postSolution
		{39FC4063-0DF7-4DD7-96E3-BBDA82A478F6}.Debug|Any CPU.ActiveCfg = Debug|Any CPU
		{39FC4063-0DF7-4DD7-96E3-BBDA82A478F6}.Debug|Any CPU.Build.0 = Debug|Any CPU
		{39FC4063-0DF7-4DD7-96E3-BBDA82A478F6}.Release|Any CPU.ActiveCfg = Release|Any CPU
		{39FC4063-0DF7-4DD7-96E3-BBDA82A478F6}.Release|Any CPU.Build.0 = Release|Any CPU
	EndGlobalSection
	GlobalSection(SolutionProperties) = preSolution
		HideSolutionNode = FALSE
	EndGlobalSection
	GlobalSection(ExtensibilityGlobals) = postSolution
		SolutionGuid = {EB061F8D-561B-46B3-88E2-08562ABDD520}
	EndGlobalSection
EndGlobal
